{
  "name": "greendiks",
  "lockfileVersion": 3,
  "requires": true,
  "packages": {
    "": {
      "dependencies": {
        "material-symbols": "^0.34.0"
      }
    },
    "node_modules/material-symbols": {
      "version": "0.34.0",
      "resolved": "https://registry.npmjs.org/material-symbols/-/material-symbols-0.34.0.tgz",
      "integrity": "sha512-Kv61mO1h6qT2YlMIcIFAijqLB2PRmU8jzVl/6ID+L6Qs04eANwLNkwBmDvsbpTaayA4pR6LfOVG8bGImnVzXGg==",
      "license": "Apache-2.0"
    }
  }
}
